PODS:
  - AMPKit (0.1.0):
    - GoogleToolboxForMac/Defines (~> 2.1)
    - MaterialComponents/ActivityIndicator (~> 29.0)
    - MaterialComponents/Buttons (~> 29.0)
  - GoogleToolboxForMac/Defines (2.1.1)
  - MaterialComponents/ActivityIndicator (29.0.0):
    - MaterialComponents/ActivityIndicator/ColorThemer (= 29.0.0)
    - MaterialComponents/ActivityIndicator/Component (= 29.0.0)
    - MaterialComponents/private/Application
    - MaterialComponents/private/RTL
  - MaterialComponents/ActivityIndicator/ColorThemer (29.0.0):
    - MaterialComponents/ActivityIndicator/Component
    - MaterialComponents/private/Application
    - MaterialComponents/private/RTL
    - MaterialComponents/Themes
  - MaterialComponents/ActivityIndicator/Component (29.0.0):
    - MaterialComponents/private/Application
    - MaterialComponents/private/RTL
  - MaterialComponents/Buttons (29.0.0):
    - MaterialComponents/Buttons/ColorThemer (= 29.0.0)
    - MaterialComponents/Buttons/Component (= 29.0.0)
    - MaterialComponents/Buttons/TitleColorAccessibilityMutator (= 29.0.0)
    - MaterialComponents/Ink
    - MaterialComponents/private/Math
    - MaterialComponents/ShadowElevations
    - MaterialComponents/ShadowLayer
    - MaterialComponents/Typography
    - MDFTextAccessibility
  - MaterialComponents/Buttons/ColorThemer (29.0.0):
    - MaterialComponents/Buttons/Component
    - MaterialComponents/Ink
    - MaterialComponents/private/Math
    - MaterialComponents/ShadowElevations
    - MaterialComponents/ShadowLayer
    - MaterialComponents/Themes
    - MaterialComponents/Typography
    - MDFTextAccessibility
  - MaterialComponents/Buttons/Component (29.0.0):
    - MaterialComponents/Ink
    - MaterialComponents/private/Math
    - MaterialComponents/ShadowElevations
    - MaterialComponents/ShadowLayer
    - MaterialComponents/Typography
    - MDFTextAccessibility
  - MaterialComponents/Buttons/TitleColorAccessibilityMutator (29.0.0):
    - MaterialComponents/Buttons/Component
    - MaterialComponents/Ink
    - MaterialComponents/private/Math
    - MaterialComponents/ShadowElevations
    - MaterialComponents/ShadowLayer
    - MaterialComponents/Typography
    - MDFTextAccessibility
  - MaterialComponents/Ink (29.0.0):
    - MaterialComponents/Ink/ColorThemer (= 29.0.0)
    - MaterialComponents/Ink/Component (= 29.0.0)
  - MaterialComponents/Ink/ColorThemer (29.0.0):
    - MaterialComponents/Ink/Component
    - MaterialComponents/Themes
  - MaterialComponents/Ink/Component (29.0.0)
  - MaterialComponents/private/Application (29.0.0)
  - MaterialComponents/private/Math (29.0.0)
  - MaterialComponents/private/RTL (29.0.0)
  - MaterialComponents/ShadowElevations (29.0.0)
  - MaterialComponents/ShadowLayer (29.0.0)
  - MaterialComponents/Themes (29.0.0)
  - MaterialComponents/Typography (29.0.0):
    - MaterialComponents/private/Application
  - MDFTextAccessibility (1.2.0)
  - OCMock (3.4)

DEPENDENCIES:
  - AMPKit (from `../AMPKit`)
  - OCMock (~> 3.4)

EXTERNAL SOURCES:
  AMPKit:
    :path: ../AMPKit

SPEC CHECKSUMS:
  AMPKit: 1e51864d7ed26f1a4153cf08faef5c81d181f015
  GoogleToolboxForMac: 8e329f1b599f2512c6b10676d45736bcc2cbbeb0
  MaterialComponents: d0ae7d9b517a72608caaa609682fe2de41921ba0
  MDFTextAccessibility: 94098925e0853551c5a311ce7c1ecefbe297cdb6
  OCMock: 35ae71d6a8fcc1b59434d561d1520b9dd4f15765

PODFILE CHECKSUM: 7bc387f5e3a68cd097e547664733b015036d1999

COCOAPODS: 1.2.1
